// !$*UTF8*$!
{
	archiveVersion = 1;
	classes = {
	};
	objectVersion = 46;
	objects = {

/* Begin PBXBuildFile section */
		1D3623260D0F684500981E51 /* ImageBitmapRepAppDelegate.m in Sources */ = {isa = PBXBuildFile; fileRef = 1D3623250D0F684500981E51 /* ImageBitmapRepAppDelegate.m */; };
		1D60589B0D05DD56006BFB54 /* main.m in Sources */ = {isa = PBXBuildFile; fileRef = 29B97316FDCFA39411CA2CEA /* main.m */; };
		1D60589F0D05DD5A006BFB54 /* Foundation.framework in Frameworks */ = {isa = PBXBuildFile; fileRef = 1D30AB110D05D00D00671497 /* Foundation.framework */; };
		1DF5F4E00D08C38300B7A737 /* UIKit.framework in Frameworks */ = {isa = PBXBuildFile; fileRef = 1DF5F4DF0D08C38300B7A737 /* UIKit.framework */; };
		2892E4100DC94CBA00A64D0F /* CoreGraphics.framework in Frameworks */ = {isa = PBXBuildFile; fileRef = 2892E40F0DC94CBA00A64D0F /* CoreGraphics.framework */; };
		28AD73600D9D9599002E5188 /* MainWindow.xib in Resources */ = {isa = PBXBuildFile; fileRef = 28AD735F0D9D9599002E5188 /* MainWindow.xib */; };
		28C286E10D94DF7D0034E888 /* RootViewController.m in Sources */ = {isa = PBXBuildFile; fileRef = 28C286E00D94DF7D0034E888 /* RootViewController.m */; };
		28F335F11007B36200424DE2 /* RootViewController.xib in Resources */ = {isa = PBXBuildFile; fileRef = 28F335F01007B36200424DE2 /* RootViewController.xib */; };
		FA20F0161454723B0016E5DF /* Cocoa.framework in Frameworks */ = {isa = PBXBuildFile; fileRef = FA20F0151454723B0016E5DF /* Cocoa.framework */; };
		FA20F0201454723C0016E5DF /* InfoPlist.strings in Resources */ = {isa = PBXBuildFile; fileRef = FA20F01E1454723B0016E5DF /* InfoPlist.strings */; };
		FA20F0221454723C0016E5DF /* main.m in Sources */ = {isa = PBXBuildFile; fileRef = FA20F0211454723C0016E5DF /* main.m */; };
		FA20F0261454723C0016E5DF /* Credits.rtf in Resources */ = {isa = PBXBuildFile; fileRef = FA20F0241454723C0016E5DF /* Credits.rtf */; };
		FA20F0291454723C0016E5DF /* ANAppDelegate.m in Sources */ = {isa = PBXBuildFile; fileRef = FA20F0281454723C0016E5DF /* ANAppDelegate.m */; };
		FA20F02C1454723C0016E5DF /* MainMenu.xib in Resources */ = {isa = PBXBuildFile; fileRef = FA20F02A1454723C0016E5DF /* MainMenu.xib */; };
		FA20F033145478B80016E5DF /* ANDemoView.m in Sources */ = {isa = PBXBuildFile; fileRef = FA20F031145478730016E5DF /* ANDemoView.m */; };
		FA20F04214547D1D0016E5DF /* ANBlurDemo.m in Sources */ = {isa = PBXBuildFile; fileRef = FA20F04014547A1E0016E5DF /* ANBlurDemo.m */; };
		FA26BD311454804E0066422D /* starrynight.png in Resources */ = {isa = PBXBuildFile; fileRef = FA52178D130B2A780065A0FE /* starrynight.png */; };
		FA26BD351454853D0066422D /* inverter.png in Resources */ = {isa = PBXBuildFile; fileRef = FA52172C130B241D0065A0FE /* inverter.png */; };
		FA26BD361454865F0066422D /* ANInverterDemo.m in Sources */ = {isa = PBXBuildFile; fileRef = FA26BD33145485160066422D /* ANInverterDemo.m */; };
		FA26BD3814548A9C0066422D /* blurtest.jpeg in Resources */ = {isa = PBXBuildFile; fileRef = FA26BD3714548A9C0066422D /* blurtest.jpeg */; };
		FA26BD3914548A9C0066422D /* blurtest.jpeg in Resources */ = {isa = PBXBuildFile; fileRef = FA26BD3714548A9C0066422D /* blurtest.jpeg */; };
		FA26BD3D14548C0B0066422D /* ANNoiseDemo.m in Sources */ = {isa = PBXBuildFile; fileRef = FA26BD3B14548C0B0066422D /* ANNoiseDemo.m */; };
		FA5216DE130B21E80065A0FE /* ColorInverter.m in Sources */ = {isa = PBXBuildFile; fileRef = FA5216DC130B21E80065A0FE /* ColorInverter.m */; };
		FA5216DF130B21E80065A0FE /* ColorInverter.xib in Resources */ = {isa = PBXBuildFile; fileRef = FA5216DD130B21E80065A0FE /* ColorInverter.xib */; };
		FA5216E6130B221C0065A0FE /* ColorInverterView.m in Sources */ = {isa = PBXBuildFile; fileRef = FA5216E5130B221C0065A0FE /* ColorInverterView.m */; };
		FA52172D130B241D0065A0FE /* inverter.png in Resources */ = {isa = PBXBuildFile; fileRef = FA52172C130B241D0065A0FE /* inverter.png */; };
		FA521778130B29430065A0FE /* Blur.m in Sources */ = {isa = PBXBuildFile; fileRef = FA521776130B29430065A0FE /* Blur.m */; };
		FA521779130B29430065A0FE /* Blur.xib in Resources */ = {isa = PBXBuildFile; fileRef = FA521777130B29430065A0FE /* Blur.xib */; };
		FA521781130B297D0065A0FE /* BlurView.m in Sources */ = {isa = PBXBuildFile; fileRef = FA521780130B297D0065A0FE /* BlurView.m */; };
		FA52178E130B2A780065A0FE /* starrynight.png in Resources */ = {isa = PBXBuildFile; fileRef = FA52178D130B2A780065A0FE /* starrynight.png */; };
		FA5217D5130B38EE0065A0FE /* Noise.m in Sources */ = {isa = PBXBuildFile; fileRef = FA5217D3130B38EE0065A0FE /* Noise.m */; };
		FA5217D6130B38EE0065A0FE /* Noise.xib in Resources */ = {isa = PBXBuildFile; fileRef = FA5217D4130B38EE0065A0FE /* Noise.xib */; };
		FA52181A130B3DBA0065A0FE /* Draw.m in Sources */ = {isa = PBXBuildFile; fileRef = FA521818130B3DBA0065A0FE /* Draw.m */; };
		FA52181B130B3DBA0065A0FE /* Draw.xib in Resources */ = {isa = PBXBuildFile; fileRef = FA521819130B3DBA0065A0FE /* Draw.xib */; };
		FA52181E130B3DCA0065A0FE /* DrawView.m in Sources */ = {isa = PBXBuildFile; fileRef = FA52181D130B3DCA0065A0FE /* DrawView.m */; };
		FA56558B13E3779D001BF6A6 /* GetPixel.m in Sources */ = {isa = PBXBuildFile; fileRef = FA56558A13E3779D001BF6A6 /* GetPixel.m */; };
		FA56558E13E377AE001BF6A6 /* GetPixelDemo.m in Sources */ = {isa = PBXBuildFile; fileRef = FA56558D13E377AE001BF6A6 /* GetPixelDemo.m */; };
		FA56559613E3791A001BF6A6 /* wheel.png in Resources */ = {isa = PBXBuildFile; fileRef = FA56559513E3791A001BF6A6 /* wheel.png */; };
		FA5D8D70130F6D1100E524A8 /* Rotation.m in Sources */ = {isa = PBXBuildFile; fileRef = FA5D8D6E130F6D1100E524A8 /* Rotation.m */; };
		FA5D8D71130F6D1100E524A8 /* Rotation.xib in Resources */ = {isa = PBXBuildFile; fileRef = FA5D8D6F130F6D1100E524A8 /* Rotation.xib */; };
		FA5D8D73130F6DC000E524A8 /* rotate_me.png in Resources */ = {isa = PBXBuildFile; fileRef = FA5D8D72130F6DC000E524A8 /* rotate_me.png */; };
		FA9A0BD2146573160095DA13 /* ANImageBitmapRep.m in Sources */ = {isa = PBXBuildFile; fileRef = FA9A0BBA146573160095DA13 /* ANImageBitmapRep.m */; };
		FA9A0BD3146573160095DA13 /* BitmapContextRep.m in Sources */ = {isa = PBXBuildFile; fileRef = FA9A0BBC146573160095DA13 /* BitmapContextRep.m */; };
		FA9A0BD4146573160095DA13 /* NSImage+ANImageBitmapRep.m in Sources */ = {isa = PBXBuildFile; fileRef = FA9A0BBF146573160095DA13 /* NSImage+ANImageBitmapRep.m */; };
		FA9A0BD5146573160095DA13 /* OSCommonImage.m in Sources */ = {isa = PBXBuildFile; fileRef = FA9A0BC1146573160095DA13 /* OSCommonImage.m */; };
		FA9A0BD6146573160095DA13 /* UIImage+ANImageBitmapRep.m in Sources */ = {isa = PBXBuildFile; fileRef = FA9A0BC3146573160095DA13 /* UIImage+ANImageBitmapRep.m */; };
		FA9A0BD7146573160095DA13 /* CGContextCreator.m in Sources */ = {isa = PBXBuildFile; fileRef = FA9A0BC6146573160095DA13 /* CGContextCreator.m */; };
		FA9A0BD8146573160095DA13 /* CGImageContainer.m in Sources */ = {isa = PBXBuildFile; fileRef = FA9A0BC8146573160095DA13 /* CGImageContainer.m */; };
		FA9A0BD9146573160095DA13 /* BitmapContextManipulator.m in Sources */ = {isa = PBXBuildFile; fileRef = FA9A0BCB146573160095DA13 /* BitmapContextManipulator.m */; };
		FA9A0BDA146573160095DA13 /* BitmapCropManipulator.m in Sources */ = {isa = PBXBuildFile; fileRef = FA9A0BCD146573160095DA13 /* BitmapCropManipulator.m */; };
		FA9A0BDB146573160095DA13 /* BitmapRotationManipulator.m in Sources */ = {isa = PBXBuildFile; fileRef = FA9A0BCF146573160095DA13 /* BitmapRotationManipulator.m */; };
		FA9A0BDC146573160095DA13 /* BitmapScaleManipulator.m in Sources */ = {isa = PBXBuildFile; fileRef = FA9A0BD1146573160095DA13 /* BitmapScaleManipulator.m */; };
		FA9A0BDE1465739C0095DA13 /* ANImageBitmapRep.m in Sources */ = {isa = PBXBuildFile; fileRef = FA9A0BBA146573160095DA13 /* ANImageBitmapRep.m */; };
		FA9A0BDF1465739C0095DA13 /* BitmapContextRep.m in Sources */ = {isa = PBXBuildFile; fileRef = FA9A0BBC146573160095DA13 /* BitmapContextRep.m */; };
		FA9A0BE01465739C0095DA13 /* NSImage+ANImageBitmapRep.m in Sources */ = {isa = PBXBuildFile; fileRef = FA9A0BBF146573160095DA13 /* NSImage+ANImageBitmapRep.m */; };
		FA9A0BE11465739C0095DA13 /* OSCommonImage.m in Sources */ = {isa = PBXBuildFile; fileRef = FA9A0BC1146573160095DA13 /* OSCommonImage.m */; };
		FA9A0BE21465739C0095DA13 /* UIImage+ANImageBitmapRep.m in Sources */ = {isa = PBXBuildFile; fileRef = FA9A0BC3146573160095DA13 /* UIImage+ANImageBitmapRep.m */; };
		FA9A0BE31465739C0095DA13 /* CGContextCreator.m in Sources */ = {isa = PBXBuildFile; fileRef = FA9A0BC6146573160095DA13 /* CGContextCreator.m */; };
		FA9A0BE41465739C0095DA13 /* CGImageContainer.m in Sources */ = {isa = PBXBuildFile; fileRef = FA9A0BC8146573160095DA13 /* CGImageContainer.m */; };
		FA9A0BE51465739C0095DA13 /* BitmapContextManipulator.m in Sources */ = {isa = PBXBuildFile; fileRef = FA9A0BCB146573160095DA13 /* BitmapContextManipulator.m */; };
		FA9A0BE61465739C0095DA13 /* BitmapCropManipulator.m in Sources */ = {isa = PBXBuildFile; fileRef = FA9A0BCD146573160095DA13 /* BitmapCropManipulator.m */; };
		FA9A0BE71465739C0095DA13 /* BitmapRotationManipulator.m in Sources */ = {isa = PBXBuildFile; fileRef = FA9A0BCF146573160095DA13 /* BitmapRotationManipulator.m */; };
		FA9A0BE81465739C0095DA13 /* BitmapScaleManipulator.m in Sources */ = {isa = PBXBuildFile; fileRef = FA9A0BD1146573160095DA13 /* BitmapScaleManipulator.m */; };
/* End PBXBuildFile section */

/* Begin PBXFileReference section */
		1D30AB110D05D00D00671497 /* Foundation.framework */ = {isa = PBXFileReference; lastKnownFileType = wrapper.framework; name = Foundation.framework; path = System/Library/Frameworks/Foundation.framework; sourceTree = SDKROOT; };
		1D3623240D0F684500981E51 /* ImageBitmapRepAppDelegate.h */ = {isa = PBXFileReference; fileEncoding = 4; lastKnownFileType = sourcecode.c.h; path = ImageBitmapRepAppDelegate.h; sourceTree = "<group>"; };
		1D3623250D0F684500981E51 /* ImageBitmapRepAppDelegate.m */ = {isa = PBXFileReference; fileEncoding = 4; lastKnownFileType = sourcecode.c.objc; path = ImageBitmapRepAppDelegate.m; sourceTree = "<group>"; };
		1D6058910D05DD3D006BFB54 /* ImageBitmapRep.app */ = {isa = PBXFileReference; explicitFileType = wrapper.application; includeInIndex = 0; path = ImageBitmapRep.app; sourceTree = BUILT_PRODUCTS_DIR; };
		1DF5F4DF0D08C38300B7A737 /* UIKit.framework */ = {isa = PBXFileReference; lastKnownFileType = wrapper.framework; name = UIKit.framework; path = System/Library/Frameworks/UIKit.framework; sourceTree = SDKROOT; };
		2892E40F0DC94CBA00A64D0F /* CoreGraphics.framework */ = {isa = PBXFileReference; lastKnownFileType = wrapper.framework; name = CoreGraphics.framework; path = System/Library/Frameworks/CoreGraphics.framework; sourceTree = SDKROOT; };
		28A0AAE50D9B0CCF005BE974 /* ImageBitmapRep_Prefix.pch */ = {isa = PBXFileReference; fileEncoding = 4; lastKnownFileType = sourcecode.c.h; path = ImageBitmapRep_Prefix.pch; sourceTree = "<group>"; };
		28AD735F0D9D9599002E5188 /* MainWindow.xib */ = {isa = PBXFileReference; lastKnownFileType = file.xib; path = MainWindow.xib; sourceTree = "<group>"; };
		28C286DF0D94DF7D0034E888 /* RootViewController.h */ = {isa = PBXFileReference; fileEncoding = 4; lastKnownFileType = sourcecode.c.h; path = RootViewController.h; sourceTree = "<group>"; };
		28C286E00D94DF7D0034E888 /* RootViewController.m */ = {isa = PBXFileReference; fileEncoding = 4; lastKnownFileType = sourcecode.c.objc; path = RootViewController.m; sourceTree = "<group>"; };
		28F335F01007B36200424DE2 /* RootViewController.xib */ = {isa = PBXFileReference; lastKnownFileType = file.xib; path = RootViewController.xib; sourceTree = "<group>"; };
		29B97316FDCFA39411CA2CEA /* main.m */ = {isa = PBXFileReference; fileEncoding = 4; lastKnownFileType = sourcecode.c.objc; path = main.m; sourceTree = "<group>"; };
		8D1107310486CEB800E47090 /* ImageBitmapRep-Info.plist */ = {isa = PBXFileReference; fileEncoding = 4; lastKnownFileType = text.plist.xml; path = "ImageBitmapRep-Info.plist"; plistStructureDefinitionIdentifier = "com.apple.xcode.plist.structure-definition.iphone.info-plist"; sourceTree = "<group>"; };
		FA20F0131454723B0016E5DF /* MacImageRep.app */ = {isa = PBXFileReference; explicitFileType = wrapper.application; includeInIndex = 0; path = MacImageRep.app; sourceTree = BUILT_PRODUCTS_DIR; };
		FA20F0151454723B0016E5DF /* Cocoa.framework */ = {isa = PBXFileReference; lastKnownFileType = wrapper.framework; name = Cocoa.framework; path = Library/Frameworks/Cocoa.framework; sourceTree = DEVELOPER_DIR; };
		FA20F0181454723B0016E5DF /* AppKit.framework */ = {isa = PBXFileReference; lastKnownFileType = wrapper.framework; name = AppKit.framework; path = Library/Frameworks/AppKit.framework; sourceTree = SDKROOT; };
		FA20F0191454723B0016E5DF /* CoreData.framework */ = {isa = PBXFileReference; lastKnownFileType = wrapper.framework; name = CoreData.framework; path = Library/Frameworks/CoreData.framework; sourceTree = SDKROOT; };
		FA20F01A1454723B0016E5DF /* Foundation.framework */ = {isa = PBXFileReference; lastKnownFileType = wrapper.framework; name = Foundation.framework; path = Library/Frameworks/Foundation.framework; sourceTree = SDKROOT; };
		FA20F01D1454723B0016E5DF /* MacImageRep-Info.plist */ = {isa = PBXFileReference; lastKnownFileType = text.plist.xml; path = "MacImageRep-Info.plist"; sourceTree = "<group>"; };
		FA20F01F1454723B0016E5DF /* en */ = {isa = PBXFileReference; lastKnownFileType = text.plist.strings; name = en; path = en.lproj/InfoPlist.strings; sourceTree = "<group>"; };
		FA20F0211454723C0016E5DF /* main.m */ = {isa = PBXFileReference; lastKnownFileType = sourcecode.c.objc; path = main.m; sourceTree = "<group>"; };
		FA20F0231454723C0016E5DF /* MacImageRep-Prefix.pch */ = {isa = PBXFileReference; lastKnownFileType = sourcecode.c.h; path = "MacImageRep-Prefix.pch"; sourceTree = "<group>"; };
		FA20F0251454723C0016E5DF /* en */ = {isa = PBXFileReference; lastKnownFileType = text.rtf; name = en; path = en.lproj/Credits.rtf; sourceTree = "<group>"; };
		FA20F0271454723C0016E5DF /* ANAppDelegate.h */ = {isa = PBXFileReference; lastKnownFileType = sourcecode.c.h; path = ANAppDelegate.h; sourceTree = "<group>"; };
		FA20F0281454723C0016E5DF /* ANAppDelegate.m */ = {isa = PBXFileReference; lastKnownFileType = sourcecode.c.objc; path = ANAppDelegate.m; sourceTree = "<group>"; };
		FA20F02B1454723C0016E5DF /* en */ = {isa = PBXFileReference; lastKnownFileType = file.xib; name = en; path = en.lproj/MainMenu.xib; sourceTree = "<group>"; };
		FA20F030145478730016E5DF /* ANDemoView.h */ = {isa = PBXFileReference; fileEncoding = 4; lastKnownFileType = sourcecode.c.h; path = ANDemoView.h; sourceTree = "<group>"; };
		FA20F031145478730016E5DF /* ANDemoView.m */ = {isa = PBXFileReference; fileEncoding = 4; lastKnownFileType = sourcecode.c.objc; path = ANDemoView.m; sourceTree = "<group>"; };
		FA20F03F14547A1E0016E5DF /* ANBlurDemo.h */ = {isa = PBXFileReference; fileEncoding = 4; lastKnownFileType = sourcecode.c.h; path = ANBlurDemo.h; sourceTree = "<group>"; };
		FA20F04014547A1E0016E5DF /* ANBlurDemo.m */ = {isa = PBXFileReference; fileEncoding = 4; lastKnownFileType = sourcecode.c.objc; path = ANBlurDemo.m; sourceTree = "<group>"; };
		FA26BD32145485160066422D /* ANInverterDemo.h */ = {isa = PBXFileReference; fileEncoding = 4; lastKnownFileType = sourcecode.c.h; path = ANInverterDemo.h; sourceTree = "<group>"; };
		FA26BD33145485160066422D /* ANInverterDemo.m */ = {isa = PBXFileReference; fileEncoding = 4; lastKnownFileType = sourcecode.c.objc; path = ANInverterDemo.m; sourceTree = "<group>"; };
		FA26BD3714548A9C0066422D /* blurtest.jpeg */ = {isa = PBXFileReference; lastKnownFileType = image.jpeg; path = blurtest.jpeg; sourceTree = "<group>"; };
		FA26BD3A14548C0B0066422D /* ANNoiseDemo.h */ = {isa = PBXFileReference; fileEncoding = 4; lastKnownFileType = sourcecode.c.h; path = ANNoiseDemo.h; sourceTree = "<group>"; };
		FA26BD3B14548C0B0066422D /* ANNoiseDemo.m */ = {isa = PBXFileReference; fileEncoding = 4; lastKnownFileType = sourcecode.c.objc; path = ANNoiseDemo.m; sourceTree = "<group>"; };
		FA5216DB130B21E80065A0FE /* ColorInverter.h */ = {isa = PBXFileReference; fileEncoding = 4; lastKnownFileType = sourcecode.c.h; path = ColorInverter.h; sourceTree = "<group>"; };
		FA5216DC130B21E80065A0FE /* ColorInverter.m */ = {isa = PBXFileReference; fileEncoding = 4; lastKnownFileType = sourcecode.c.objc; path = ColorInverter.m; sourceTree = "<group>"; };
		FA5216DD130B21E80065A0FE /* ColorInverter.xib */ = {isa = PBXFileReference; lastKnownFileType = file.xib; name = ColorInverter.xib; path = Classes/ColorInverter.xib; sourceTree = "<group>"; };
		FA5216E4130B221C0065A0FE /* ColorInverterView.h */ = {isa = PBXFileReference; fileEncoding = 4; lastKnownFileType = sourcecode.c.h; path = ColorInverterView.h; sourceTree = "<group>"; };
		FA5216E5130B221C0065A0FE /* ColorInverterView.m */ = {isa = PBXFileReference; fileEncoding = 4; lastKnownFileType = sourcecode.c.objc; path = ColorInverterView.m; sourceTree = "<group>"; };
		FA52172C130B241D0065A0FE /* inverter.png */ = {isa = PBXFileReference; lastKnownFileType = image.png; path = inverter.png; sourceTree = "<group>"; };
		FA521775130B29430065A0FE /* Blur.h */ = {isa = PBXFileReference; fileEncoding = 4; lastKnownFileType = sourcecode.c.h; path = Blur.h; sourceTree = "<group>"; };
		FA521776130B29430065A0FE /* Blur.m */ = {isa = PBXFileReference; fileEncoding = 4; lastKnownFileType = sourcecode.c.objc; path = Blur.m; sourceTree = "<group>"; };
		FA521777130B29430065A0FE /* Blur.xib */ = {isa = PBXFileReference; lastKnownFileType = file.xib; name = Blur.xib; path = Classes/Blur.xib; sourceTree = "<group>"; };
		FA52177F130B297D0065A0FE /* BlurView.h */ = {isa = PBXFileReference; fileEncoding = 4; lastKnownFileType = sourcecode.c.h; path = BlurView.h; sourceTree = "<group>"; };
		FA521780130B297D0065A0FE /* BlurView.m */ = {isa = PBXFileReference; fileEncoding = 4; lastKnownFileType = sourcecode.c.objc; path = BlurView.m; sourceTree = "<group>"; };
		FA52178D130B2A780065A0FE /* starrynight.png */ = {isa = PBXFileReference; lastKnownFileType = image.png; path = starrynight.png; sourceTree = "<group>"; };
		FA5217D2130B38EE0065A0FE /* Noise.h */ = {isa = PBXFileReference; fileEncoding = 4; lastKnownFileType = sourcecode.c.h; path = Noise.h; sourceTree = "<group>"; };
		FA5217D3130B38EE0065A0FE /* Noise.m */ = {isa = PBXFileReference; fileEncoding = 4; lastKnownFileType = sourcecode.c.objc; path = Noise.m; sourceTree = "<group>"; };
		FA5217D4130B38EE0065A0FE /* Noise.xib */ = {isa = PBXFileReference; lastKnownFileType = file.xib; name = Noise.xib; path = Classes/Noise.xib; sourceTree = "<group>"; };
		FA521817130B3DBA0065A0FE /* Draw.h */ = {isa = PBXFileReference; fileEncoding = 4; lastKnownFileType = sourcecode.c.h; path = Draw.h; sourceTree = "<group>"; };
		FA521818130B3DBA0065A0FE /* Draw.m */ = {isa = PBXFileReference; fileEncoding = 4; lastKnownFileType = sourcecode.c.objc; path = Draw.m; sourceTree = "<group>"; };
		FA521819130B3DBA0065A0FE /* Draw.xib */ = {isa = PBXFileReference; lastKnownFileType = file.xib; name = Draw.xib; path = Classes/Draw.xib; sourceTree = "<group>"; };
		FA52181C130B3DCA0065A0FE /* DrawView.h */ = {isa = PBXFileReference; fileEncoding = 4; lastKnownFileType = sourcecode.c.h; path = DrawView.h; sourceTree = "<group>"; };
		FA52181D130B3DCA0065A0FE /* DrawView.m */ = {isa = PBXFileReference; fileEncoding = 4; lastKnownFileType = sourcecode.c.objc; path = DrawView.m; sourceTree = "<group>"; };
		FA56558913E3779D001BF6A6 /* GetPixel.h */ = {isa = PBXFileReference; fileEncoding = 4; lastKnownFileType = sourcecode.c.h; path = GetPixel.h; sourceTree = "<group>"; };
		FA56558A13E3779D001BF6A6 /* GetPixel.m */ = {isa = PBXFileReference; fileEncoding = 4; lastKnownFileType = sourcecode.c.objc; path = GetPixel.m; sourceTree = "<group>"; };
		FA56558C13E377AE001BF6A6 /* GetPixelDemo.h */ = {isa = PBXFileReference; fileEncoding = 4; lastKnownFileType = sourcecode.c.h; path = GetPixelDemo.h; sourceTree = "<group>"; };
		FA56558D13E377AE001BF6A6 /* GetPixelDemo.m */ = {isa = PBXFileReference; fileEncoding = 4; lastKnownFileType = sourcecode.c.objc; path = GetPixelDemo.m; sourceTree = "<group>"; };
		FA56559513E3791A001BF6A6 /* wheel.png */ = {isa = PBXFileReference; lastKnownFileType = image.png; path = wheel.png; sourceTree = "<group>"; };
		FA5D8D6D130F6D1100E524A8 /* Rotation.h */ = {isa = PBXFileReference; fileEncoding = 4; lastKnownFileType = sourcecode.c.h; path = Rotation.h; sourceTree = "<group>"; };
		FA5D8D6E130F6D1100E524A8 /* Rotation.m */ = {isa = PBXFileReference; fileEncoding = 4; lastKnownFileType = sourcecode.c.objc; path = Rotation.m; sourceTree = "<group>"; };
		FA5D8D6F130F6D1100E524A8 /* Rotation.xib */ = {isa = PBXFileReference; lastKnownFileType = file.xib; name = Rotation.xib; path = Classes/Rotation.xib; sourceTree = "<group>"; };
		FA5D8D72130F6DC000E524A8 /* rotate_me.png */ = {isa = PBXFileReference; lastKnownFileType = image.png; path = rotate_me.png; sourceTree = "<group>"; };
		FA9A0BB9146573160095DA13 /* ANImageBitmapRep.h */ = {isa = PBXFileReference; fileEncoding = 4; lastKnownFileType = sourcecode.c.h; path = ANImageBitmapRep.h; sourceTree = "<group>"; };
		FA9A0BBA146573160095DA13 /* ANImageBitmapRep.m */ = {isa = PBXFileReference; fileEncoding = 4; lastKnownFileType = sourcecode.c.objc; path = ANImageBitmapRep.m; sourceTree = "<group>"; };
		FA9A0BBB146573160095DA13 /* BitmapContextRep.h */ = {isa = PBXFileReference; fileEncoding = 4; lastKnownFileType = sourcecode.c.h; path = BitmapContextRep.h; sourceTree = "<group>"; };
		FA9A0BBC146573160095DA13 /* BitmapContextRep.m */ = {isa = PBXFileReference; fileEncoding = 4; lastKnownFileType = sourcecode.c.objc; path = BitmapContextRep.m; sourceTree = "<group>"; };
		FA9A0BBE146573160095DA13 /* NSImage+ANImageBitmapRep.h */ = {isa = PBXFileReference; fileEncoding = 4; lastKnownFileType = sourcecode.c.h; path = "NSImage+ANImageBitmapRep.h"; sourceTree = "<group>"; };
		FA9A0BBF146573160095DA13 /* NSImage+ANImageBitmapRep.m */ = {isa = PBXFileReference; fileEncoding = 4; lastKnownFileType = sourcecode.c.objc; path = "NSImage+ANImageBitmapRep.m"; sourceTree = "<group>"; };
		FA9A0BC0146573160095DA13 /* OSCommonImage.h */ = {isa = PBXFileReference; fileEncoding = 4; lastKnownFileType = sourcecode.c.h; path = OSCommonImage.h; sourceTree = "<group>"; };
		FA9A0BC1146573160095DA13 /* OSCommonImage.m */ = {isa = PBXFileReference; fileEncoding = 4; lastKnownFileType = sourcecode.c.objc; path = OSCommonImage.m; sourceTree = "<group>"; };
		FA9A0BC2146573160095DA13 /* UIImage+ANImageBitmapRep.h */ = {isa = PBXFileReference; fileEncoding = 4; lastKnownFileType = sourcecode.c.h; path = "UIImage+ANImageBitmapRep.h"; sourceTree = "<group>"; };
		FA9A0BC3146573160095DA13 /* UIImage+ANImageBitmapRep.m */ = {isa = PBXFileReference; fileEncoding = 4; lastKnownFileType = sourcecode.c.objc; path = "UIImage+ANImageBitmapRep.m"; sourceTree = "<group>"; };
		FA9A0BC5146573160095DA13 /* CGContextCreator.h */ = {isa = PBXFileReference; fileEncoding = 4; lastKnownFileType = sourcecode.c.h; path = CGContextCreator.h; sourceTree = "<group>"; };
		FA9A0BC6146573160095DA13 /* CGContextCreator.m */ = {isa = PBXFileReference; fileEncoding = 4; lastKnownFileType = sourcecode.c.objc; path = CGContextCreator.m; sourceTree = "<group>"; };
		FA9A0BC7146573160095DA13 /* CGImageContainer.h */ = {isa = PBXFileReference; fileEncoding = 4; lastKnownFileType = sourcecode.c.h; path = CGImageContainer.h; sourceTree = "<group>"; };
		FA9A0BC8146573160095DA13 /* CGImageContainer.m */ = {isa = PBXFileReference; fileEncoding = 4; lastKnownFileType = sourcecode.c.objc; path = CGImageContainer.m; sourceTree = "<group>"; };
		FA9A0BCA146573160095DA13 /* BitmapContextManipulator.h */ = {isa = PBXFileReference; fileEncoding = 4; lastKnownFileType = sourcecode.c.h; path = BitmapContextManipulator.h; sourceTree = "<group>"; };
		FA9A0BCB146573160095DA13 /* BitmapContextManipulator.m */ = {isa = PBXFileReference; fileEncoding = 4; lastKnownFileType = sourcecode.c.objc; path = BitmapContextManipulator.m; sourceTree = "<group>"; };
		FA9A0BCC146573160095DA13 /* BitmapCropManipulator.h */ = {isa = PBXFileReference; fileEncoding = 4; lastKnownFileType = sourcecode.c.h; path = BitmapCropManipulator.h; sourceTree = "<group>"; };
		FA9A0BCD146573160095DA13 /* BitmapCropManipulator.m */ = {isa = PBXFileReference; fileEncoding = 4; lastKnownFileType = sourcecode.c.objc; path = BitmapCropManipulator.m; sourceTree = "<group>"; };
		FA9A0BCE146573160095DA13 /* BitmapRotationManipulator.h */ = {isa = PBXFileReference; fileEncoding = 4; lastKnownFileType = sourcecode.c.h; path = BitmapRotationManipulator.h; sourceTree = "<group>"; };
		FA9A0BCF146573160095DA13 /* BitmapRotationManipulator.m */ = {isa = PBXFileReference; fileEncoding = 4; lastKnownFileType = sourcecode.c.objc; path = BitmapRotationManipulator.m; sourceTree = "<group>"; };
		FA9A0BD0146573160095DA13 /* BitmapScaleManipulator.h */ = {isa = PBXFileReference; fileEncoding = 4; lastKnownFileType = sourcecode.c.h; path = BitmapScaleManipulator.h; sourceTree = "<group>"; };
		FA9A0BD1146573160095DA13 /* BitmapScaleManipulator.m */ = {isa = PBXFileReference; fileEncoding = 4; lastKnownFileType = sourcecode.c.objc; path = BitmapScaleManipulator.m; sourceTree = "<group>"; };
/* End PBXFileReference section */

/* Begin PBXFrameworksBuildPhase section */
		1D60588F0D05DD3D006BFB54 /* Frameworks */ = {
			isa = PBXFrameworksBuildPhase;
			buildActionMask = 2147483647;
			files = (
				1D60589F0D05DD5A006BFB54 /* Foundation.framework in Frameworks */,
				1DF5F4E00D08C38300B7A737 /* UIKit.framework in Frameworks */,
				2892E4100DC94CBA00A64D0F /* CoreGraphics.framework in Frameworks */,
			);
			runOnlyForDeploymentPostprocessing = 0;
		};
		FA20F0101454723B0016E5DF /* Frameworks */ = {
			isa = PBXFrameworksBuildPhase;
			buildActionMask = 2147483647;
			files = (
				FA20F0161454723B0016E5DF /* Cocoa.framework in Frameworks */,
			);
			runOnlyForDeploymentPostprocessing = 0;
		};
/* End PBXFrameworksBuildPhase section */

/* Begin PBXGroup section */
		080E96DDFE201D6D7F000001 /* Classes */ = {
			isa = PBXGroup;
			children = (
				FA521772130B291C0065A0FE /* Sub-Apps */,
				28C286DF0D94DF7D0034E888 /* RootViewController.h */,
				28C286E00D94DF7D0034E888 /* RootViewController.m */,
				1D3623240D0F684500981E51 /* ImageBitmapRepAppDelegate.h */,
				1D3623250D0F684500981E51 /* ImageBitmapRepAppDelegate.m */,
			);
			path = Classes;
			sourceTree = "<group>";
		};
		19C28FACFE9D520D11CA2CBB /* Products */ = {
			isa = PBXGroup;
			children = (
				1D6058910D05DD3D006BFB54 /* ImageBitmapRep.app */,
				FA20F0131454723B0016E5DF /* MacImageRep.app */,
			);
			name = Products;
			sourceTree = "<group>";
		};
		29B97314FDCFA39411CA2CEA /* CustomTemplate */ = {
			isa = PBXGroup;
			children = (
				FA9A0BB8146573160095DA13 /* ANImageBitmapRep */,
				FA9A0BDD146573190095DA13 /* ImageBitmapRep (iOS Demo) */,
				FA20F01B1454723B0016E5DF /* MacImageRep */,
				29B97323FDCFA39411CA2CEA /* Frameworks */,
				19C28FACFE9D520D11CA2CBB /* Products */,
			);
			name = CustomTemplate;
			sourceTree = "<group>";
		};
		29B97315FDCFA39411CA2CEA /* Other Sources */ = {
			isa = PBXGroup;
			children = (
				28A0AAE50D9B0CCF005BE974 /* ImageBitmapRep_Prefix.pch */,
				29B97316FDCFA39411CA2CEA /* main.m */,
			);
			name = "Other Sources";
			sourceTree = "<group>";
		};
		29B97317FDCFA39411CA2CEA /* Resources */ = {
			isa = PBXGroup;
			children = (
				FA52172E130B24220065A0FE /* Images */,
				FA5216E0130B21F00065A0FE /* ViewControllers */,
				28AD735F0D9D9599002E5188 /* MainWindow.xib */,
				8D1107310486CEB800E47090 /* ImageBitmapRep-Info.plist */,
			);
			name = Resources;
			sourceTree = "<group>";
		};
		29B97323FDCFA39411CA2CEA /* Frameworks */ = {
			isa = PBXGroup;
			children = (
				1DF5F4DF0D08C38300B7A737 /* UIKit.framework */,
				1D30AB110D05D00D00671497 /* Foundation.framework */,
				2892E40F0DC94CBA00A64D0F /* CoreGraphics.framework */,
				FA20F0151454723B0016E5DF /* Cocoa.framework */,
				FA20F0171454723B0016E5DF /* Other Frameworks */,
			);
			name = Frameworks;
			sourceTree = "<group>";
		};
		FA20F0171454723B0016E5DF /* Other Frameworks */ = {
			isa = PBXGroup;
			children = (
				FA20F0181454723B0016E5DF /* AppKit.framework */,
				FA20F0191454723B0016E5DF /* CoreData.framework */,
				FA20F01A1454723B0016E5DF /* Foundation.framework */,
			);
			name = "Other Frameworks";
			sourceTree = "<group>";
		};
		FA20F01B1454723B0016E5DF /* MacImageRep */ = {
			isa = PBXGroup;
			children = (
				FA20F0271454723C0016E5DF /* ANAppDelegate.h */,
				FA20F0281454723C0016E5DF /* ANAppDelegate.m */,
				FA20F030145478730016E5DF /* ANDemoView.h */,
				FA20F031145478730016E5DF /* ANDemoView.m */,
				FA20F03F14547A1E0016E5DF /* ANBlurDemo.h */,
				FA20F04014547A1E0016E5DF /* ANBlurDemo.m */,
				FA26BD32145485160066422D /* ANInverterDemo.h */,
				FA26BD33145485160066422D /* ANInverterDemo.m */,
				FA26BD3A14548C0B0066422D /* ANNoiseDemo.h */,
				FA26BD3B14548C0B0066422D /* ANNoiseDemo.m */,
				FA20F02A1454723C0016E5DF /* MainMenu.xib */,
				FA20F01C1454723B0016E5DF /* Supporting Files */,
			);
			path = MacImageRep;
			sourceTree = "<group>";
		};
		FA20F01C1454723B0016E5DF /* Supporting Files */ = {
			isa = PBXGroup;
			children = (
				FA20F01D1454723B0016E5DF /* MacImageRep-Info.plist */,
				FA20F01E1454723B0016E5DF /* InfoPlist.strings */,
				FA20F0211454723C0016E5DF /* main.m */,
				FA20F0231454723C0016E5DF /* MacImageRep-Prefix.pch */,
				FA20F0241454723C0016E5DF /* Credits.rtf */,
			);
			name = "Supporting Files";
			sourceTree = "<group>";
		};
		FA5216E0130B21F00065A0FE /* ViewControllers */ = {
			isa = PBXGroup;
			children = (
				28F335F01007B36200424DE2 /* RootViewController.xib */,
				FA5216DD130B21E80065A0FE /* ColorInverter.xib */,
				FA521777130B29430065A0FE /* Blur.xib */,
				FA5217D4130B38EE0065A0FE /* Noise.xib */,
				FA521819130B3DBA0065A0FE /* Draw.xib */,
				FA5D8D6F130F6D1100E524A8 /* Rotation.xib */,
			);
			name = ViewControllers;
			sourceTree = "<group>";
		};
		FA52172E130B24220065A0FE /* Images */ = {
			isa = PBXGroup;
			children = (
				FA26BD3714548A9C0066422D /* blurtest.jpeg */,
				FA56559513E3791A001BF6A6 /* wheel.png */,
				FA52178D130B2A780065A0FE /* starrynight.png */,
				FA52172C130B241D0065A0FE /* inverter.png */,
				FA5D8D72130F6DC000E524A8 /* rotate_me.png */,
			);
			name = Images;
			sourceTree = "<group>";
		};
		FA521772130B291C0065A0FE /* Sub-Apps */ = {
			isa = PBXGroup;
			children = (
				FA56558813E3778D001BF6A6 /* GetPixel */,
				FA5D8D6C130F6D0200E524A8 /* Rotation */,
				FA521816130B3D730065A0FE /* Draw */,
				FA5217D1130B38E20065A0FE /* Noise */,
				FA521773130B29240065A0FE /* Inverter */,
				FA521774130B292C0065A0FE /* Blur */,
			);
			name = "Sub-Apps";
			sourceTree = "<group>";
		};
		FA521773130B29240065A0FE /* Inverter */ = {
			isa = PBXGroup;
			children = (
				FA5216DB130B21E80065A0FE /* ColorInverter.h */,
				FA5216DC130B21E80065A0FE /* ColorInverter.m */,
				FA5216E4130B221C0065A0FE /* ColorInverterView.h */,
				FA5216E5130B221C0065A0FE /* ColorInverterView.m */,
			);
			name = Inverter;
			sourceTree = "<group>";
		};
		FA521774130B292C0065A0FE /* Blur */ = {
			isa = PBXGroup;
			children = (
				FA521775130B29430065A0FE /* Blur.h */,
				FA521776130B29430065A0FE /* Blur.m */,
				FA52177F130B297D0065A0FE /* BlurView.h */,
				FA521780130B297D0065A0FE /* BlurView.m */,
			);
			name = Blur;
			sourceTree = "<group>";
		};
		FA5217D1130B38E20065A0FE /* Noise */ = {
			isa = PBXGroup;
			children = (
				FA5217D2130B38EE0065A0FE /* Noise.h */,
				FA5217D3130B38EE0065A0FE /* Noise.m */,
			);
			name = Noise;
			sourceTree = "<group>";
		};
		FA521816130B3D730065A0FE /* Draw */ = {
			isa = PBXGroup;
			children = (
				FA521817130B3DBA0065A0FE /* Draw.h */,
				FA521818130B3DBA0065A0FE /* Draw.m */,
				FA52181C130B3DCA0065A0FE /* DrawView.h */,
				FA52181D130B3DCA0065A0FE /* DrawView.m */,
			);
			name = Draw;
			sourceTree = "<group>";
		};
		FA56558813E3778D001BF6A6 /* GetPixel */ = {
			isa = PBXGroup;
			children = (
				FA56558913E3779D001BF6A6 /* GetPixel.h */,
				FA56558A13E3779D001BF6A6 /* GetPixel.m */,
				FA56558C13E377AE001BF6A6 /* GetPixelDemo.h */,
				FA56558D13E377AE001BF6A6 /* GetPixelDemo.m */,
			);
			name = GetPixel;
			sourceTree = "<group>";
		};
		FA5D8D6C130F6D0200E524A8 /* Rotation */ = {
			isa = PBXGroup;
			children = (
				FA5D8D6D130F6D1100E524A8 /* Rotation.h */,
				FA5D8D6E130F6D1100E524A8 /* Rotation.m */,
			);
			name = Rotation;
			sourceTree = "<group>";
		};
		FA9A0BB8146573160095DA13 /* ANImageBitmapRep */ = {
			isa = PBXGroup;
			children = (
				FA9A0BB9146573160095DA13 /* ANImageBitmapRep.h */,
				FA9A0BBA146573160095DA13 /* ANImageBitmapRep.m */,
				FA9A0BBB146573160095DA13 /* BitmapContextRep.h */,
				FA9A0BBC146573160095DA13 /* BitmapContextRep.m */,
				FA9A0BBD146573160095DA13 /* Compatibility */,
				FA9A0BC4146573160095DA13 /* CoreGraphics */,
				FA9A0BC9146573160095DA13 /* Manipulators */,
			);
			path = ANImageBitmapRep;
			sourceTree = "<group>";
		};
		FA9A0BBD146573160095DA13 /* Compatibility */ = {
			isa = PBXGroup;
			children = (
				FA9A0BBE146573160095DA13 /* NSImage+ANImageBitmapRep.h */,
				FA9A0BBF146573160095DA13 /* NSImage+ANImageBitmapRep.m */,
				FA9A0BC0146573160095DA13 /* OSCommonImage.h */,
				FA9A0BC1146573160095DA13 /* OSCommonImage.m */,
				FA9A0BC2146573160095DA13 /* UIImage+ANImageBitmapRep.h */,
				FA9A0BC3146573160095DA13 /* UIImage+ANImageBitmapRep.m */,
			);
			path = Compatibility;
			sourceTree = "<group>";
		};
		FA9A0BC4146573160095DA13 /* CoreGraphics */ = {
			isa = PBXGroup;
			children = (
				FA9A0BC5146573160095DA13 /* CGContextCreator.h */,
				FA9A0BC6146573160095DA13 /* CGContextCreator.m */,
				FA9A0BC7146573160095DA13 /* CGImageContainer.h */,
				FA9A0BC8146573160095DA13 /* CGImageContainer.m */,
			);
			path = CoreGraphics;
			sourceTree = "<group>";
		};
		FA9A0BC9146573160095DA13 /* Manipulators */ = {
			isa = PBXGroup;
			children = (
				FA9A0BCA146573160095DA13 /* BitmapContextManipulator.h */,
				FA9A0BCB146573160095DA13 /* BitmapContextManipulator.m */,
				FA9A0BCC146573160095DA13 /* BitmapCropManipulator.h */,
				FA9A0BCD146573160095DA13 /* BitmapCropManipulator.m */,
				FA9A0BCE146573160095DA13 /* BitmapRotationManipulator.h */,
				FA9A0BCF146573160095DA13 /* BitmapRotationManipulator.m */,
				FA9A0BD0146573160095DA13 /* BitmapScaleManipulator.h */,
				FA9A0BD1146573160095DA13 /* BitmapScaleManipulator.m */,
			);
			path = Manipulators;
			sourceTree = "<group>";
		};
		FA9A0BDD146573190095DA13 /* ImageBitmapRep (iOS Demo) */ = {
			isa = PBXGroup;
			children = (
				080E96DDFE201D6D7F000001 /* Classes */,
				29B97315FDCFA39411CA2CEA /* Other Sources */,
				29B97317FDCFA39411CA2CEA /* Resources */,
			);
			name = "ImageBitmapRep (iOS Demo)";
			sourceTree = "<group>";
		};
/* End PBXGroup section */

/* Begin PBXNativeTarget section */
		1D6058900D05DD3D006BFB54 /* ImageBitmapRep */ = {
			isa = PBXNativeTarget;
			buildConfigurationList = 1D6058960D05DD3E006BFB54 /* Build configuration list for PBXNativeTarget "ImageBitmapRep" */;
			buildPhases = (
				1D60588D0D05DD3D006BFB54 /* Resources */,
				1D60588E0D05DD3D006BFB54 /* Sources */,
				1D60588F0D05DD3D006BFB54 /* Frameworks */,
			);
			buildRules = (
			);
			dependencies = (
			);
			name = ImageBitmapRep;
			productName = ImageBitmapRep;
			productReference = 1D6058910D05DD3D006BFB54 /* ImageBitmapRep.app */;
			productType = "com.apple.product-type.application";
		};
		FA20F0121454723B0016E5DF /* MacImageRep */ = {
			isa = PBXNativeTarget;
			buildConfigurationList = FA20F02D1454723C0016E5DF /* Build configuration list for PBXNativeTarget "MacImageRep" */;
			buildPhases = (
				FA20F00F1454723B0016E5DF /* Sources */,
				FA20F0101454723B0016E5DF /* Frameworks */,
				FA20F0111454723B0016E5DF /* Resources */,
			);
			buildRules = (
			);
			dependencies = (
			);
			name = MacImageRep;
			productName = MacImageRep;
			productReference = FA20F0131454723B0016E5DF /* MacImageRep.app */;
			productType = "com.apple.product-type.application";
		};
/* End PBXNativeTarget section */

/* Begin PBXProject section */
		29B97313FDCFA39411CA2CEA /* Project object */ = {
			isa = PBXProject;
			attributes = {
				LastUpgradeCheck = 0420;
			};
			buildConfigurationList = C01FCF4E08A954540054247B /* Build configuration list for PBXProject "ImageBitmapRep" */;
			compatibilityVersion = "Xcode 3.2";
			developmentRegion = English;
			hasScannedForEncodings = 1;
			knownRegions = (
				English,
				Japanese,
				French,
				German,
				en,
			);
			mainGroup = 29B97314FDCFA39411CA2CEA /* CustomTemplate */;
			projectDirPath = "";
			projectRoot = "";
			targets = (
				1D6058900D05DD3D006BFB54 /* ImageBitmapRep */,
				FA20F0121454723B0016E5DF /* MacImageRep */,
			);
		};
/* End PBXProject section */

/* Begin PBXResourcesBuildPhase section */
		1D60588D0D05DD3D006BFB54 /* Resources */ = {
			isa = PBXResourcesBuildPhase;
			buildActionMask = 2147483647;
			files = (
				28AD73600D9D9599002E5188 /* MainWindow.xib in Resources */,
				28F335F11007B36200424DE2 /* RootViewController.xib in Resources */,
				FA5216DF130B21E80065A0FE /* ColorInverter.xib in Resources */,
				FA52172D130B241D0065A0FE /* inverter.png in Resources */,
				FA521779130B29430065A0FE /* Blur.xib in Resources */,
				FA52178E130B2A780065A0FE /* starrynight.png in Resources */,
				FA5217D6130B38EE0065A0FE /* Noise.xib in Resources */,
				FA52181B130B3DBA0065A0FE /* Draw.xib in Resources */,
				FA5D8D71130F6D1100E524A8 /* Rotation.xib in Resources */,
				FA5D8D73130F6DC000E524A8 /* rotate_me.png in Resources */,
				FA56559613E3791A001BF6A6 /* wheel.png in Resources */,
				FA26BD3814548A9C0066422D /* blurtest.jpeg in Resources */,
			);
			runOnlyForDeploymentPostprocessing = 0;
		};
		FA20F0111454723B0016E5DF /* Resources */ = {
			isa = PBXResourcesBuildPhase;
			buildActionMask = 2147483647;
			files = (
				FA20F0201454723C0016E5DF /* InfoPlist.strings in Resources */,
				FA20F0261454723C0016E5DF /* Credits.rtf in Resources */,
				FA26BD311454804E0066422D /* starrynight.png in Resources */,
				FA26BD351454853D0066422D /* inverter.png in Resources */,
				FA20F02C1454723C0016E5DF /* MainMenu.xib in Resources */,
				FA26BD3914548A9C0066422D /* blurtest.jpeg in Resources */,
			);
			runOnlyForDeploymentPostprocessing = 0;
		};
/* End PBXResourcesBuildPhase section */

/* Begin PBXSourcesBuildPhase section */
		1D60588E0D05DD3D006BFB54 /* Sources */ = {
			isa = PBXSourcesBuildPhase;
			buildActionMask = 2147483647;
			files = (
				1D60589B0D05DD56006BFB54 /* main.m in Sources */,
				1D3623260D0F684500981E51 /* ImageBitmapRepAppDelegate.m in Sources */,
				28C286E10D94DF7D0034E888 /* RootViewController.m in Sources */,
				FA5216DE130B21E80065A0FE /* ColorInverter.m in Sources */,
				FA5216E6130B221C0065A0FE /* ColorInverterView.m in Sources */,
				FA521778130B29430065A0FE /* Blur.m in Sources */,
				FA521781130B297D0065A0FE /* BlurView.m in Sources */,
				FA5217D5130B38EE0065A0FE /* Noise.m in Sources */,
				FA52181A130B3DBA0065A0FE /* Draw.m in Sources */,
				FA52181E130B3DCA0065A0FE /* DrawView.m in Sources */,
				FA5D8D70130F6D1100E524A8 /* Rotation.m in Sources */,
				FA56558B13E3779D001BF6A6 /* GetPixel.m in Sources */,
				FA56558E13E377AE001BF6A6 /* GetPixelDemo.m in Sources */,
				FA9A0BD2146573160095DA13 /* ANImageBitmapRep.m in Sources */,
				FA9A0BD3146573160095DA13 /* BitmapContextRep.m in Sources */,
				FA9A0BD4146573160095DA13 /* NSImage+ANImageBitmapRep.m in Sources */,
				FA9A0BD5146573160095DA13 /* OSCommonImage.m in Sources */,
				FA9A0BD6146573160095DA13 /* UIImage+ANImageBitmapRep.m in Sources */,
				FA9A0BD7146573160095DA13 /* CGContextCreator.m in Sources */,
				FA9A0BD8146573160095DA13 /* CGImageContainer.m in Sources */,
				FA9A0BD9146573160095DA13 /* BitmapContextManipulator.m in Sources */,
				FA9A0BDA146573160095DA13 /* BitmapCropManipulator.m in Sources */,
				FA9A0BDB146573160095DA13 /* BitmapRotationManipulator.m in Sources */,
				FA9A0BDC146573160095DA13 /* BitmapScaleManipulator.m in Sources */,
			);
			runOnlyForDeploymentPostprocessing = 0;
		};
		FA20F00F1454723B0016E5DF /* Sources */ = {
			isa = PBXSourcesBuildPhase;
			buildActionMask = 2147483647;
			files = (
				FA20F0221454723C0016E5DF /* main.m in Sources */,
				FA20F0291454723C0016E5DF /* ANAppDelegate.m in Sources */,
				FA20F033145478B80016E5DF /* ANDemoView.m in Sources */,
				FA20F04214547D1D0016E5DF /* ANBlurDemo.m in Sources */,
				FA26BD361454865F0066422D /* ANInverterDemo.m in Sources */,
				FA26BD3D14548C0B0066422D /* ANNoiseDemo.m in Sources */,
				FA9A0BDE1465739C0095DA13 /* ANImageBitmapRep.m in Sources */,
				FA9A0BDF1465739C0095DA13 /* BitmapContextRep.m in Sources */,
				FA9A0BE01465739C0095DA13 /* NSImage+ANImageBitmapRep.m in Sources */,
				FA9A0BE11465739C0095DA13 /* OSCommonImage.m in Sources */,
				FA9A0BE21465739C0095DA13 /* UIImage+ANImageBitmapRep.m in Sources */,
				FA9A0BE31465739C0095DA13 /* CGContextCreator.m in Sources */,
				FA9A0BE41465739C0095DA13 /* CGImageContainer.m in Sources */,
				FA9A0BE51465739C0095DA13 /* BitmapContextManipulator.m in Sources */,
				FA9A0BE61465739C0095DA13 /* BitmapCropManipulator.m in Sources */,
				FA9A0BE71465739C0095DA13 /* BitmapRotationManipulator.m in Sources */,
				FA9A0BE81465739C0095DA13 /* BitmapScaleManipulator.m in Sources */,
			);
			runOnlyForDeploymentPostprocessing = 0;
		};
/* End PBXSourcesBuildPhase section */

/* Begin PBXVariantGroup section */
		FA20F01E1454723B0016E5DF /* InfoPlist.strings */ = {
			isa = PBXVariantGroup;
			children = (
				FA20F01F1454723B0016E5DF /* en */,
			);
			name = InfoPlist.strings;
			sourceTree = "<group>";
		};
		FA20F0241454723C0016E5DF /* Credits.rtf */ = {
			isa = PBXVariantGroup;
			children = (
				FA20F0251454723C0016E5DF /* en */,
			);
			name = Credits.rtf;
			sourceTree = "<group>";
		};
		FA20F02A1454723C0016E5DF /* MainMenu.xib */ = {
			isa = PBXVariantGroup;
			children = (
				FA20F02B1454723C0016E5DF /* en */,
			);
			name = MainMenu.xib;
			sourceTree = "<group>";
		};
/* End PBXVariantGroup section */

/* Begin XCBuildConfiguration section */
		1D6058940D05DD3E006BFB54 /* Debug */ = {
			isa = XCBuildConfiguration;
			buildSettings = {
				ALWAYS_SEARCH_USER_PATHS = NO;
				COPY_PHASE_STRIP = NO;
				GCC_DYNAMIC_NO_PIC = NO;
				GCC_OPTIMIZATION_LEVEL = 0;
				GCC_PRECOMPILE_PREFIX_HEADER = YES;
				GCC_PREFIX_HEADER = ImageBitmapRep_Prefix.pch;
				INFOPLIST_FILE = "ImageBitmapRep-Info.plist";
				PRODUCT_NAME = ImageBitmapRep;
			};
			name = Debug;
		};
		1D6058950D05DD3E006BFB54 /* Release */ = {
			isa = XCBuildConfiguration;
			buildSettings = {
				ALWAYS_SEARCH_USER_PATHS = NO;
				COPY_PHASE_STRIP = YES;
				GCC_PRECOMPILE_PREFIX_HEADER = YES;
				GCC_PREFIX_HEADER = ImageBitmapRep_Prefix.pch;
				INFOPLIST_FILE = "ImageBitmapRep-Info.plist";
				PRODUCT_NAME = ImageBitmapRep;
				VALIDATE_PRODUCT = YES;
			};
			name = Release;
		};
		C01FCF4F08A954540054247B /* Debug */ = {
			isa = XCBuildConfiguration;
			buildSettings = {
				ARCHS = "$(ARCHS_STANDARD_32_BIT)";
				CLANG_ENABLE_OBJC_ARC = YES;
				"CODE_SIGN_IDENTITY[sdk=iphoneos*]" = "iPhone Developer";
				GCC_C_LANGUAGE_STANDARD = c99;
				GCC_WARN_ABOUT_RETURN_TYPE = YES;
				GCC_WARN_UNUSED_VARIABLE = YES;
				SDKROOT = iphoneos;
			};
			name = Debug;
		};
		C01FCF5008A954540054247B /* Release */ = {
			isa = XCBuildConfiguration;
			buildSettings = {
				ARCHS = "$(ARCHS_STANDARD_32_BIT)";
				CLANG_ENABLE_OBJC_ARC = YES;
				"CODE_SIGN_IDENTITY[sdk=iphoneos*]" = "iPhone Developer";
				GCC_C_LANGUAGE_STANDARD = c99;
				GCC_WARN_ABOUT_RETURN_TYPE = YES;
				GCC_WARN_UNUSED_VARIABLE = YES;
				OTHER_CFLAGS = "-DNS_BLOCK_ASSERTIONS=1";
				SDKROOT = iphoneos;
			};
			name = Release;
		};
		FA20F02E1454723C0016E5DF /* Debug */ = {
			isa = XCBuildConfiguration;
			buildSettings = {
				ALWAYS_SEARCH_USER_PATHS = NO;
				ARCHS = "$(ARCHS_STANDARD_64_BIT)";
				COPY_PHASE_STRIP = NO;
				FRAMEWORK_SEARCH_PATHS = (
					"$(inherited)",
					"\"$(DEVELOPER_FRAMEWORKS_DIR)\"",
				);
				GCC_C_LANGUAGE_STANDARD = gnu99;
				GCC_DYNAMIC_NO_PIC = NO;
				GCC_ENABLE_OBJC_EXCEPTIONS = YES;
				GCC_OPTIMIZATION_LEVEL = 0;
				GCC_PRECOMPILE_PREFIX_HEADER = YES;
				GCC_PREFIX_HEADER = "MacImageRep/MacImageRep-Prefix.pch";
				GCC_PREPROCESSOR_DEFINITIONS = (
					"DEBUG=1",
					"$(inherited)",
				);
				GCC_SYMBOLS_PRIVATE_EXTERN = NO;
				GCC_VERSION = com.apple.compilers.llvm.clang.1_0;
				GCC_WARN_64_TO_32_BIT_CONVERSION = YES;
				GCC_WARN_ABOUT_MISSING_PROTOTYPES = YES;
				INFOPLIST_FILE = "MacImageRep/MacImageRep-Info.plist";
				MACOSX_DEPLOYMENT_TARGET = 10.7;
				ONLY_ACTIVE_ARCH = YES;
				PRODUCT_NAME = "$(TARGET_NAME)";
				SDKROOT = macosx;
				WRAPPER_EXTENSION = app;
			};
			name = Debug;
		};
		FA20F02F1454723C0016E5DF /* Release */ = {
			isa = XCBuildConfiguration;
			buildSettings = {
				ALWAYS_SEARCH_USER_PATHS = NO;
				ARCHS = "$(ARCHS_STANDARD_64_BIT)";
				COPY_PHASE_STRIP = YES;
				DEBUG_INFORMATION_FORMAT = "dwarf-with-dsym";
				FRAMEWORK_SEARCH_PATHS = (
					"$(inherited)",
					"\"$(DEVELOPER_FRAMEWORKS_DIR)\"",
				);
				GCC_C_LANGUAGE_STANDARD = gnu99;
				GCC_ENABLE_OBJC_EXCEPTIONS = YES;
				GCC_PRECOMPILE_PREFIX_HEADER = YES;
				GCC_PREFIX_HEADER = "MacImageRep/MacImageRep-Prefix.pch";
				GCC_VERSION = com.apple.compilers.llvm.clang.1_0;
				GCC_WARN_64_TO_32_BIT_CONVERSION = YES;
				GCC_WARN_ABOUT_MISSING_PROTOTYPES = YES;
				INFOPLIST_FILE = "MacImageRep/MacImageRep-Info.plist";
				MACOSX_DEPLOYMENT_TARGET = 10.7;
				PRODUCT_NAME = "$(TARGET_NAME)";
				SDKROOT = macosx;
				WRAPPER_EXTENSION = app;
			};
			name = Release;
		};
/* End XCBuildConfiguration section */

/* Begin XCConfigurationList section */
		1D6058960D05DD3E006BFB54 /* Build configuration list for PBXNativeTarget "ImageBitmapRep" */ = {
			isa = XCConfigurationList;
			buildConfigurations = (
				1D6058940D05DD3E006BFB54 /* Debug */,
				1D6058950D05DD3E006BFB54 /* Release */,
			);
			defaultConfigurationIsVisible = 0;
			defaultConfigurationName = Release;
		};
		C01FCF4E08A954540054247B /* Build configuration list for PBXProject "ImageBitmapRep" */ = {
			isa = XCConfigurationList;
			buildConfigurations = (
				C01FCF4F08A954540054247B /* Debug */,
				C01FCF5008A954540054247B /* Release */,
			);
			defaultConfigurationIsVisible = 0;
			defaultConfigurationName = Release;
		};
		FA20F02D1454723C0016E5DF /* Build configuration list for PBXNativeTarget "MacImageRep" */ = {
			isa = XCConfigurationList;
			buildConfigurations = (
				FA20F02E1454723C0016E5DF /* Debug */,
				FA20F02F1454723C0016E5DF /* Release */,
			);
			defaultConfigurationIsVisible = 0;
			defaultConfigurationName = Release;
		};
/* End XCConfigurationList section */
	};
	rootObject = 29B97313FDCFA39411CA2CEA /* Project object */;
}
